
Microsoft Visual Studio Solution File, Format Version 12.00
# Visual Studio 2013
VisualStudioVersion = 12.0.40629.0
MinimumVisualStudioVersion = 10.0.40219.1
Project("{FAE04EC0-301F-11D3-BF4B-00C04F79EFBC}") = "SingletonDemo", "SingletonDemo\SingletonDemo.csproj", "{BBED2D1F-0F6D-4A94-B98C-C7C35BC3B2A3}"
EndProject
Project("{FAE04EC0-301F-11D3-BF4B-00C04F79EFBC}") = "SimpleFactoryDemo", "SimpleFactoryDemo\SimpleFactoryDemo.csproj", "{9A801855-F967-4CC8-AED8-0E9BDFC6F1E8}"
EndProject
Project("{FAE04EC0-301F-11D3-BF4B-00C04F79EFBC}") = "ObjectPoolDemo", "ObjectPoolDemo\ObjectPoolDemo.csproj", "{2B47A59F-6218-4253-9500-64EF933AF49E}"
EndProject
Global
	GlobalSection(SolutionConfigurationPlatforms) = preSolution
		Debug|Any CPU = Debug|Any CPU
		Release|Any CPU = Release|Any CPU
	EndGlobalSection
	GlobalSection(ProjectConfigurationPlatforms) = postSolution
		{BBED2D1F-0F6D-4A94-B98C-C7C35BC3B2A3}.Debug|Any CPU.ActiveCfg = Debug|Any CPU
		{BBED2D1F-0F6D-4A94-B98C-C7C35BC3B2A3}.Debug|Any CPU.Build.0 = Debug|Any CPU
		{BBED2D1F-0F6D-4A94-B98C-C7C35BC3B2A3}.Release|Any CPU.ActiveCfg = Release|Any CPU
		{BBED2D1F-0F6D-4A94-B98C-C7C35BC3B2A3}.Release|Any CPU.Build.0 = Release|Any CPU
		{9A801855-F967-4CC8-AED8-0E9BDFC6F1E8}.Debug|Any CPU.ActiveCfg = Debug|Any CPU
		{9A801855-F967-4CC8-AED8-0E9BDFC6F1E8}.Debug|Any CPU.Build.0 = Debug|Any CPU
		{9A801855-F967-4CC8-AED8-0E9BDFC6F1E8}.Release|Any CPU.ActiveCfg = Release|Any CPU
		{9A801855-F967-4CC8-AED8-0E9BDFC6F1E8}.Release|Any CPU.Build.0 = Release|Any CPU
		{2B47A59F-6218-4253-9500-64EF933AF49E}.Debug|Any CPU.ActiveCfg = Debug|Any CPU
		{2B47A59F-6218-4253-9500-64EF933AF49E}.Debug|Any CPU.Build.0 = Debug|Any CPU
		{2B47A59F-6218-4253-9500-64EF933AF49E}.Release|Any CPU.ActiveCfg = Release|Any CPU
		{2B47A59F-6218-4253-9500-64EF933AF49E}.Release|Any CPU.Build.0 = Release|Any CPU
	EndGlobalSection
	GlobalSection(SolutionProperties) = preSolution
		HideSolutionNode = FALSE
	EndGlobalSection
EndGlobal
