
Microsoft Visual Studio Solution File, Format Version 12.00
# Visual Studio 2013
VisualStudioVersion = 12.0.31101.0
MinimumVisualStudioVersion = 10.0.40219.1
Project("{FAE04EC0-301F-11D3-BF4B-00C04F79EFBC}") = "School", "School\School.csproj", "{CB029FCC-DBDF-4491-AE90-C127B239813A}"
EndProject
Project("{FAE04EC0-301F-11D3-BF4B-00C04F79EFBC}") = "StudentsAndWorkers", "StudentsAndWorkers\StudentsAndWorkers.csproj", "{9701FFBB-4D66-46AB-80EE-A875D8D17BEB}"
EndProject
Project("{FAE04EC0-301F-11D3-BF4B-00C04F79EFBC}") = "AnimalHierarchy", "AnimalHierarchy\AnimalHierarchy.csproj", "{1F732F0D-8334-428C-92C4-693BD85B3FFF}"
EndProject
Global
	GlobalSection(SolutionConfigurationPlatforms) = preSolution
		Debug|Any CPU = Debug|Any CPU
		Release|Any CPU = Release|Any CPU
	EndGlobalSection
	GlobalSection(ProjectConfigurationPlatforms) = postSolution
		{CB029FCC-DBDF-4491-AE90-C127B239813A}.Debug|Any CPU.ActiveCfg = Debug|Any CPU
		{CB029FCC-DBDF-4491-AE90-C127B239813A}.Debug|Any CPU.Build.0 = Debug|Any CPU
		{CB029FCC-DBDF-4491-AE90-C127B239813A}.Release|Any CPU.ActiveCfg = Release|Any CPU
		{CB029FCC-DBDF-4491-AE90-C127B239813A}.Release|Any CPU.Build.0 = Release|Any CPU
		{9701FFBB-4D66-46AB-80EE-A875D8D17BEB}.Debug|Any CPU.ActiveCfg = Debug|Any CPU
		{9701FFBB-4D66-46AB-80EE-A875D8D17BEB}.Debug|Any CPU.Build.0 = Debug|Any CPU
		{9701FFBB-4D66-46AB-80EE-A875D8D17BEB}.Release|Any CPU.ActiveCfg = Release|Any CPU
		{9701FFBB-4D66-46AB-80EE-A875D8D17BEB}.Release|Any CPU.Build.0 = Release|Any CPU
		{1F732F0D-8334-428C-92C4-693BD85B3FFF}.Debug|Any CPU.ActiveCfg = Debug|Any CPU
		{1F732F0D-8334-428C-92C4-693BD85B3FFF}.Debug|Any CPU.Build.0 = Debug|Any CPU
		{1F732F0D-8334-428C-92C4-693BD85B3FFF}.Release|Any CPU.ActiveCfg = Release|Any CPU
		{1F732F0D-8334-428C-92C4-693BD85B3FFF}.Release|Any CPU.Build.0 = Release|Any CPU
	EndGlobalSection
	GlobalSection(SolutionProperties) = preSolution
		HideSolutionNode = FALSE
	EndGlobalSection
EndGlobal
