
Microsoft Visual Studio Solution File, Format Version 12.00
# Visual Studio 14
VisualStudioVersion = 14.0.23107.0
MinimumVisualStudioVersion = 10.0.40219.1
Project("{FAE04EC0-301F-11D3-BF4B-00C04F79EFBC}") = "School.Model", "School.Model\School.Model.csproj", "{99E444DC-CDEC-45A1-AC78-04BAD10E8270}"
EndProject
Project("{FAE04EC0-301F-11D3-BF4B-00C04F79EFBC}") = "School.Data", "School.Data\School.Data.csproj", "{D3DB6CD5-44FB-4F0C-8871-3AB89348AAA0}"
EndProject
Project("{FAE04EC0-301F-11D3-BF4B-00C04F79EFBC}") = "School.Client", "School.Client\School.Client.csproj", "{2E951846-D54A-4077-9CEF-758ECDBDC4E6}"
EndProject
Global
	GlobalSection(SolutionConfigurationPlatforms) = preSolution
		Debug|Any CPU = Debug|Any CPU
		Release|Any CPU = Release|Any CPU
	EndGlobalSection
	GlobalSection(ProjectConfigurationPlatforms) = postSolution
		{99E444DC-CDEC-45A1-AC78-04BAD10E8270}.Debug|Any CPU.ActiveCfg = Debug|Any CPU
		{99E444DC-CDEC-45A1-AC78-04BAD10E8270}.Debug|Any CPU.Build.0 = Debug|Any CPU
		{99E444DC-CDEC-45A1-AC78-04BAD10E8270}.Release|Any CPU.ActiveCfg = Release|Any CPU
		{99E444DC-CDEC-45A1-AC78-04BAD10E8270}.Release|Any CPU.Build.0 = Release|Any CPU
		{D3DB6CD5-44FB-4F0C-8871-3AB89348AAA0}.Debug|Any CPU.ActiveCfg = Debug|Any CPU
		{D3DB6CD5-44FB-4F0C-8871-3AB89348AAA0}.Debug|Any CPU.Build.0 = Debug|Any CPU
		{D3DB6CD5-44FB-4F0C-8871-3AB89348AAA0}.Release|Any CPU.ActiveCfg = Release|Any CPU
		{D3DB6CD5-44FB-4F0C-8871-3AB89348AAA0}.Release|Any CPU.Build.0 = Release|Any CPU
		{2E951846-D54A-4077-9CEF-758ECDBDC4E6}.Debug|Any CPU.ActiveCfg = Debug|Any CPU
		{2E951846-D54A-4077-9CEF-758ECDBDC4E6}.Debug|Any CPU.Build.0 = Debug|Any CPU
		{2E951846-D54A-4077-9CEF-758ECDBDC4E6}.Release|Any CPU.ActiveCfg = Release|Any CPU
		{2E951846-D54A-4077-9CEF-758ECDBDC4E6}.Release|Any CPU.Build.0 = Release|Any CPU
	EndGlobalSection
	GlobalSection(SolutionProperties) = preSolution
		HideSolutionNode = FALSE
	EndGlobalSection
EndGlobal
