
Microsoft Visual Studio Solution File, Format Version 12.00
# Visual Studio 2013
VisualStudioVersion = 12.0.31101.0
MinimumVisualStudioVersion = 10.0.40219.1
Project("{FAE04EC0-301F-11D3-BF4B-00C04F79EFBC}") = "School", "School\School.csproj", "{03A33F1F-4D85-4C69-A28B-001E74487CFB}"
EndProject
Project("{2150E333-8FDC-42A3-9474-1A3956D46DE8}") = "01_School", "01_School", "{9E404DA7-4B64-4BA3-A810-7D60ADE7BDB3}"
EndProject
Project("{FAE04EC0-301F-11D3-BF4B-00C04F79EFBC}") = "School.Tests", "School.Tests\School.Tests.csproj", "{1B27A401-68A0-4D15-893C-2B9DA4C86060}"
EndProject
Project("{FAE04EC0-301F-11D3-BF4B-00C04F79EFBC}") = "Santase.Logic", "02_santase\Santase.Logic\Santase.Logic.csproj", "{76FD6AC0-6F00-4F92-8857-876E60AA9FE6}"
EndProject
Project("{2150E333-8FDC-42A3-9474-1A3956D46DE8}") = "02_santase", "02_santase", "{7801A407-879D-46D4-84A2-09258F61734A}"
EndProject
Project("{FAE04EC0-301F-11D3-BF4B-00C04F79EFBC}") = "Deck.Tests", "02_santase\Deck.Tests\Deck.Tests.csproj", "{DB8D6A3D-99F8-4237-99DF-B116D3DACAAF}"
EndProject
Global
	GlobalSection(SolutionConfigurationPlatforms) = preSolution
		Debug|Any CPU = Debug|Any CPU
		Release|Any CPU = Release|Any CPU
	EndGlobalSection
	GlobalSection(ProjectConfigurationPlatforms) = postSolution
		{03A33F1F-4D85-4C69-A28B-001E74487CFB}.Debug|Any CPU.ActiveCfg = Debug|Any CPU
		{03A33F1F-4D85-4C69-A28B-001E74487CFB}.Debug|Any CPU.Build.0 = Debug|Any CPU
		{03A33F1F-4D85-4C69-A28B-001E74487CFB}.Release|Any CPU.ActiveCfg = Release|Any CPU
		{03A33F1F-4D85-4C69-A28B-001E74487CFB}.Release|Any CPU.Build.0 = Release|Any CPU
		{1B27A401-68A0-4D15-893C-2B9DA4C86060}.Debug|Any CPU.ActiveCfg = Debug|Any CPU
		{1B27A401-68A0-4D15-893C-2B9DA4C86060}.Debug|Any CPU.Build.0 = Debug|Any CPU
		{1B27A401-68A0-4D15-893C-2B9DA4C86060}.Release|Any CPU.ActiveCfg = Release|Any CPU
		{1B27A401-68A0-4D15-893C-2B9DA4C86060}.Release|Any CPU.Build.0 = Release|Any CPU
		{76FD6AC0-6F00-4F92-8857-876E60AA9FE6}.Debug|Any CPU.ActiveCfg = Debug|Any CPU
		{76FD6AC0-6F00-4F92-8857-876E60AA9FE6}.Debug|Any CPU.Build.0 = Debug|Any CPU
		{76FD6AC0-6F00-4F92-8857-876E60AA9FE6}.Release|Any CPU.ActiveCfg = Release|Any CPU
		{76FD6AC0-6F00-4F92-8857-876E60AA9FE6}.Release|Any CPU.Build.0 = Release|Any CPU
		{DB8D6A3D-99F8-4237-99DF-B116D3DACAAF}.Debug|Any CPU.ActiveCfg = Debug|Any CPU
		{DB8D6A3D-99F8-4237-99DF-B116D3DACAAF}.Debug|Any CPU.Build.0 = Debug|Any CPU
		{DB8D6A3D-99F8-4237-99DF-B116D3DACAAF}.Release|Any CPU.ActiveCfg = Release|Any CPU
		{DB8D6A3D-99F8-4237-99DF-B116D3DACAAF}.Release|Any CPU.Build.0 = Release|Any CPU
	EndGlobalSection
	GlobalSection(SolutionProperties) = preSolution
		HideSolutionNode = FALSE
	EndGlobalSection
	GlobalSection(NestedProjects) = preSolution
		{03A33F1F-4D85-4C69-A28B-001E74487CFB} = {9E404DA7-4B64-4BA3-A810-7D60ADE7BDB3}
		{1B27A401-68A0-4D15-893C-2B9DA4C86060} = {9E404DA7-4B64-4BA3-A810-7D60ADE7BDB3}
		{76FD6AC0-6F00-4F92-8857-876E60AA9FE6} = {7801A407-879D-46D4-84A2-09258F61734A}
		{DB8D6A3D-99F8-4237-99DF-B116D3DACAAF} = {7801A407-879D-46D4-84A2-09258F61734A}
	EndGlobalSection
EndGlobal
