
Microsoft Visual Studio Solution File, Format Version 12.00
# Visual Studio 2013
VisualStudioVersion = 12.0.31101.0
MinimumVisualStudioVersion = 10.0.40219.1
Project("{FAE04EC0-301F-11D3-BF4B-00C04F79EFBC}") = "StudentClass", "StudentClass\StudentClass.csproj", "{2D11E8D1-CA25-484E-96A6-B13692752D69}"
EndProject
Project("{FAE04EC0-301F-11D3-BF4B-00C04F79EFBC}") = "PersonClass", "PersonClass\PersonClass.csproj", "{D87C4C1C-8D8E-4763-9F0A-22ADBE8DAAB5}"
EndProject
Project("{FAE04EC0-301F-11D3-BF4B-00C04F79EFBC}") = "64BitArray", "64BitArray\64BitArray.csproj", "{D43FABB3-6DE3-46AC-B0D8-0B95616146C3}"
EndProject
Global
	GlobalSection(SolutionConfigurationPlatforms) = preSolution
		Debug|Any CPU = Debug|Any CPU
		Release|Any CPU = Release|Any CPU
	EndGlobalSection
	GlobalSection(ProjectConfigurationPlatforms) = postSolution
		{2D11E8D1-CA25-484E-96A6-B13692752D69}.Debug|Any CPU.ActiveCfg = Debug|Any CPU
		{2D11E8D1-CA25-484E-96A6-B13692752D69}.Debug|Any CPU.Build.0 = Debug|Any CPU
		{2D11E8D1-CA25-484E-96A6-B13692752D69}.Release|Any CPU.ActiveCfg = Release|Any CPU
		{2D11E8D1-CA25-484E-96A6-B13692752D69}.Release|Any CPU.Build.0 = Release|Any CPU
		{D87C4C1C-8D8E-4763-9F0A-22ADBE8DAAB5}.Debug|Any CPU.ActiveCfg = Debug|Any CPU
		{D87C4C1C-8D8E-4763-9F0A-22ADBE8DAAB5}.Debug|Any CPU.Build.0 = Debug|Any CPU
		{D87C4C1C-8D8E-4763-9F0A-22ADBE8DAAB5}.Release|Any CPU.ActiveCfg = Release|Any CPU
		{D87C4C1C-8D8E-4763-9F0A-22ADBE8DAAB5}.Release|Any CPU.Build.0 = Release|Any CPU
		{D43FABB3-6DE3-46AC-B0D8-0B95616146C3}.Debug|Any CPU.ActiveCfg = Debug|Any CPU
		{D43FABB3-6DE3-46AC-B0D8-0B95616146C3}.Debug|Any CPU.Build.0 = Debug|Any CPU
		{D43FABB3-6DE3-46AC-B0D8-0B95616146C3}.Release|Any CPU.ActiveCfg = Release|Any CPU
		{D43FABB3-6DE3-46AC-B0D8-0B95616146C3}.Release|Any CPU.Build.0 = Release|Any CPU
	EndGlobalSection
	GlobalSection(SolutionProperties) = preSolution
		HideSolutionNode = FALSE
	EndGlobalSection
EndGlobal
