
Microsoft Visual Studio Solution File, Format Version 12.00
# Visual Studio 14
VisualStudioVersion = 14.0.24606.1
MinimumVisualStudioVersion = 10.0.40219.1
Project("{FAE04EC0-301F-11D3-BF4B-00C04F79EFBC}") = "StudentSystem.Services", "StudentSystem.Services\StudentSystem.Services.csproj", "{6C29B904-2A1F-4AE7-A369-D14DBC7C5CEA}"
EndProject
Project("{FAE04EC0-301F-11D3-BF4B-00C04F79EFBC}") = "StudentSystem.Data", "StudentSystem.Data\StudentSystem.Data.csproj", "{A98330CB-0C01-4102-8D42-E2F6983DA6C8}"
EndProject
Global
	GlobalSection(SolutionConfigurationPlatforms) = preSolution
		Debug|Any CPU = Debug|Any CPU
		Release|Any CPU = Release|Any CPU
	EndGlobalSection
	GlobalSection(ProjectConfigurationPlatforms) = postSolution
		{6C29B904-2A1F-4AE7-A369-D14DBC7C5CEA}.Debug|Any CPU.ActiveCfg = Debug|Any CPU
		{6C29B904-2A1F-4AE7-A369-D14DBC7C5CEA}.Debug|Any CPU.Build.0 = Debug|Any CPU
		{6C29B904-2A1F-4AE7-A369-D14DBC7C5CEA}.Release|Any CPU.ActiveCfg = Release|Any CPU
		{6C29B904-2A1F-4AE7-A369-D14DBC7C5CEA}.Release|Any CPU.Build.0 = Release|Any CPU
		{A98330CB-0C01-4102-8D42-E2F6983DA6C8}.Debug|Any CPU.ActiveCfg = Debug|Any CPU
		{A98330CB-0C01-4102-8D42-E2F6983DA6C8}.Debug|Any CPU.Build.0 = Debug|Any CPU
		{A98330CB-0C01-4102-8D42-E2F6983DA6C8}.Release|Any CPU.ActiveCfg = Release|Any CPU
		{A98330CB-0C01-4102-8D42-E2F6983DA6C8}.Release|Any CPU.Build.0 = Release|Any CPU
	EndGlobalSection
	GlobalSection(SolutionProperties) = preSolution
		HideSolutionNode = FALSE
	EndGlobalSection
EndGlobal
