
Microsoft Visual Studio Solution File, Format Version 12.00
# Visual Studio 14
VisualStudioVersion = 14.0.23107.0
MinimumVisualStudioVersion = 10.0.40219.1
Project("{FAE04EC0-301F-11D3-BF4B-00C04F79EFBC}") = "Task01KnapsackProblem", "Task01KnapsackProblem\Task01KnapsackProblem.csproj", "{A086CEC6-ADF7-45B7-A989-C489721483B0}"
EndProject
Project("{FAE04EC0-301F-11D3-BF4B-00C04F79EFBC}") = "Task02MinimumEditDistance", "Task02MinimumEditDistance\Task02MinimumEditDistance.csproj", "{EA454626-36CC-4925-9EAD-8C3C9331D84B}"
EndProject
Project("{FAE04EC0-301F-11D3-BF4B-00C04F79EFBC}") = "03. Staircases", "03. Staircases\03. Staircases.csproj", "{F515FE38-35FD-4BB2-AEBE-CE7A8593172B}"
EndProject
Project("{FAE04EC0-301F-11D3-BF4B-00C04F79EFBC}") = "04. CardGame", "04. CardGame\04. CardGame.csproj", "{C6E34DE5-EB5F-4C80-8B9C-3FD2604DC6C1}"
EndProject
Project("{FAE04EC0-301F-11D3-BF4B-00C04F79EFBC}") = "05. DogeCoin", "05. DogeCoin\05. DogeCoin.csproj", "{D8C38AA3-6F60-47A7-AE56-BD92F60AF469}"
EndProject
Project("{FAE04EC0-301F-11D3-BF4B-00C04F79EFBC}") = "06. Ninja", "06. Ninja\06. Ninja.csproj", "{1DAEBFC9-004B-46AF-AD54-09B214E4649F}"
EndProject
Global
	GlobalSection(SolutionConfigurationPlatforms) = preSolution
		Debug|Any CPU = Debug|Any CPU
		Release|Any CPU = Release|Any CPU
	EndGlobalSection
	GlobalSection(ProjectConfigurationPlatforms) = postSolution
		{A086CEC6-ADF7-45B7-A989-C489721483B0}.Debug|Any CPU.ActiveCfg = Debug|Any CPU
		{A086CEC6-ADF7-45B7-A989-C489721483B0}.Debug|Any CPU.Build.0 = Debug|Any CPU
		{A086CEC6-ADF7-45B7-A989-C489721483B0}.Release|Any CPU.ActiveCfg = Release|Any CPU
		{A086CEC6-ADF7-45B7-A989-C489721483B0}.Release|Any CPU.Build.0 = Release|Any CPU
		{EA454626-36CC-4925-9EAD-8C3C9331D84B}.Debug|Any CPU.ActiveCfg = Debug|Any CPU
		{EA454626-36CC-4925-9EAD-8C3C9331D84B}.Debug|Any CPU.Build.0 = Debug|Any CPU
		{EA454626-36CC-4925-9EAD-8C3C9331D84B}.Release|Any CPU.ActiveCfg = Release|Any CPU
		{EA454626-36CC-4925-9EAD-8C3C9331D84B}.Release|Any CPU.Build.0 = Release|Any CPU
		{F515FE38-35FD-4BB2-AEBE-CE7A8593172B}.Debug|Any CPU.ActiveCfg = Debug|Any CPU
		{F515FE38-35FD-4BB2-AEBE-CE7A8593172B}.Debug|Any CPU.Build.0 = Debug|Any CPU
		{F515FE38-35FD-4BB2-AEBE-CE7A8593172B}.Release|Any CPU.ActiveCfg = Release|Any CPU
		{F515FE38-35FD-4BB2-AEBE-CE7A8593172B}.Release|Any CPU.Build.0 = Release|Any CPU
		{C6E34DE5-EB5F-4C80-8B9C-3FD2604DC6C1}.Debug|Any CPU.ActiveCfg = Debug|Any CPU
		{C6E34DE5-EB5F-4C80-8B9C-3FD2604DC6C1}.Debug|Any CPU.Build.0 = Debug|Any CPU
		{C6E34DE5-EB5F-4C80-8B9C-3FD2604DC6C1}.Release|Any CPU.ActiveCfg = Release|Any CPU
		{C6E34DE5-EB5F-4C80-8B9C-3FD2604DC6C1}.Release|Any CPU.Build.0 = Release|Any CPU
		{D8C38AA3-6F60-47A7-AE56-BD92F60AF469}.Debug|Any CPU.ActiveCfg = Debug|Any CPU
		{D8C38AA3-6F60-47A7-AE56-BD92F60AF469}.Debug|Any CPU.Build.0 = Debug|Any CPU
		{D8C38AA3-6F60-47A7-AE56-BD92F60AF469}.Release|Any CPU.ActiveCfg = Release|Any CPU
		{D8C38AA3-6F60-47A7-AE56-BD92F60AF469}.Release|Any CPU.Build.0 = Release|Any CPU
		{1DAEBFC9-004B-46AF-AD54-09B214E4649F}.Debug|Any CPU.ActiveCfg = Debug|Any CPU
		{1DAEBFC9-004B-46AF-AD54-09B214E4649F}.Debug|Any CPU.Build.0 = Debug|Any CPU
		{1DAEBFC9-004B-46AF-AD54-09B214E4649F}.Release|Any CPU.ActiveCfg = Release|Any CPU
		{1DAEBFC9-004B-46AF-AD54-09B214E4649F}.Release|Any CPU.Build.0 = Release|Any CPU
	EndGlobalSection
	GlobalSection(SolutionProperties) = preSolution
		HideSolutionNode = FALSE
	EndGlobalSection
EndGlobal
