
Microsoft Visual Studio Solution File, Format Version 12.00
# Visual Studio 2013
VisualStudioVersion = 12.0.31101.0
MinimumVisualStudioVersion = 10.0.40219.1
Project("{FAE04EC0-301F-11D3-BF4B-00C04F79EFBC}") = "Euclidian3DSpace", "01_Euclidian3DSpace\Euclidian3DSpace.csproj", "{25A9C7EA-DBB8-4A29-8AD9-82EEB742429B}"
EndProject
Project("{FAE04EC0-301F-11D3-BF4B-00C04F79EFBC}") = "GenericList", "GenericList\GenericList.csproj", "{60A45B96-D93F-46EF-AF3C-053F4CD2A1FF}"
EndProject
Project("{FAE04EC0-301F-11D3-BF4B-00C04F79EFBC}") = "Matrixes", "Matrix\Matrixes.csproj", "{0F9B50ED-3991-4E97-90B9-2BC2E444BBE2}"
EndProject
Global
	GlobalSection(SolutionConfigurationPlatforms) = preSolution
		Debug|Any CPU = Debug|Any CPU
		Release|Any CPU = Release|Any CPU
	EndGlobalSection
	GlobalSection(ProjectConfigurationPlatforms) = postSolution
		{25A9C7EA-DBB8-4A29-8AD9-82EEB742429B}.Debug|Any CPU.ActiveCfg = Debug|Any CPU
		{25A9C7EA-DBB8-4A29-8AD9-82EEB742429B}.Debug|Any CPU.Build.0 = Debug|Any CPU
		{25A9C7EA-DBB8-4A29-8AD9-82EEB742429B}.Release|Any CPU.ActiveCfg = Release|Any CPU
		{25A9C7EA-DBB8-4A29-8AD9-82EEB742429B}.Release|Any CPU.Build.0 = Release|Any CPU
		{60A45B96-D93F-46EF-AF3C-053F4CD2A1FF}.Debug|Any CPU.ActiveCfg = Debug|Any CPU
		{60A45B96-D93F-46EF-AF3C-053F4CD2A1FF}.Debug|Any CPU.Build.0 = Debug|Any CPU
		{60A45B96-D93F-46EF-AF3C-053F4CD2A1FF}.Release|Any CPU.ActiveCfg = Release|Any CPU
		{60A45B96-D93F-46EF-AF3C-053F4CD2A1FF}.Release|Any CPU.Build.0 = Release|Any CPU
		{0F9B50ED-3991-4E97-90B9-2BC2E444BBE2}.Debug|Any CPU.ActiveCfg = Debug|Any CPU
		{0F9B50ED-3991-4E97-90B9-2BC2E444BBE2}.Debug|Any CPU.Build.0 = Debug|Any CPU
		{0F9B50ED-3991-4E97-90B9-2BC2E444BBE2}.Release|Any CPU.ActiveCfg = Release|Any CPU
		{0F9B50ED-3991-4E97-90B9-2BC2E444BBE2}.Release|Any CPU.Build.0 = Release|Any CPU
	EndGlobalSection
	GlobalSection(SolutionProperties) = preSolution
		HideSolutionNode = FALSE
	EndGlobalSection
EndGlobal
