
Microsoft Visual Studio Solution File, Format Version 12.00
# Visual Studio 2013
VisualStudioVersion = 12.0.31101.0
MinimumVisualStudioVersion = 10.0.40219.1
Project("{FAE04EC0-301F-11D3-BF4B-00C04F79EFBC}") = "Methods", "Methods\Methods.csproj", "{C041AAA8-7BA0-4385-A678-1D9003C1952D}"
EndProject
Project("{2150E333-8FDC-42A3-9474-1A3956D46DE8}") = "Exam C sharp 2 - 200pts", "Exam C sharp 2 - 200pts", "{A7D56AA9-3BF4-40A5-B31A-5CC786541499}"
EndProject
Project("{FAE04EC0-301F-11D3-BF4B-00C04F79EFBC}") = "01_DeCatCoding", "D:\My Documents\Visual Studio 2013\Projects\exam 6.3.2015\1\01_DeCatCoding.csproj", "{726D96E2-D639-4255-B750-441D9A9EAB6A}"
EndProject
Project("{FAE04EC0-301F-11D3-BF4B-00C04F79EFBC}") = "02_Decreasing Absolute Differences", "D:\My Documents\Visual Studio 2013\Projects\exam 6.3.2015\2\02_Decreasing Absolute Differences.csproj", "{80039E6A-EA91-4FD8-A1DB-A262A59D6D26}"
EndProject
Global
	GlobalSection(SolutionConfigurationPlatforms) = preSolution
		Debug|Any CPU = Debug|Any CPU
		Release|Any CPU = Release|Any CPU
	EndGlobalSection
	GlobalSection(ProjectConfigurationPlatforms) = postSolution
		{C041AAA8-7BA0-4385-A678-1D9003C1952D}.Debug|Any CPU.ActiveCfg = Debug|Any CPU
		{C041AAA8-7BA0-4385-A678-1D9003C1952D}.Debug|Any CPU.Build.0 = Debug|Any CPU
		{C041AAA8-7BA0-4385-A678-1D9003C1952D}.Release|Any CPU.ActiveCfg = Release|Any CPU
		{C041AAA8-7BA0-4385-A678-1D9003C1952D}.Release|Any CPU.Build.0 = Release|Any CPU
		{726D96E2-D639-4255-B750-441D9A9EAB6A}.Debug|Any CPU.ActiveCfg = Debug|Any CPU
		{726D96E2-D639-4255-B750-441D9A9EAB6A}.Debug|Any CPU.Build.0 = Debug|Any CPU
		{726D96E2-D639-4255-B750-441D9A9EAB6A}.Release|Any CPU.ActiveCfg = Release|Any CPU
		{726D96E2-D639-4255-B750-441D9A9EAB6A}.Release|Any CPU.Build.0 = Release|Any CPU
		{80039E6A-EA91-4FD8-A1DB-A262A59D6D26}.Debug|Any CPU.ActiveCfg = Debug|Any CPU
		{80039E6A-EA91-4FD8-A1DB-A262A59D6D26}.Debug|Any CPU.Build.0 = Debug|Any CPU
		{80039E6A-EA91-4FD8-A1DB-A262A59D6D26}.Release|Any CPU.ActiveCfg = Release|Any CPU
		{80039E6A-EA91-4FD8-A1DB-A262A59D6D26}.Release|Any CPU.Build.0 = Release|Any CPU
	EndGlobalSection
	GlobalSection(SolutionProperties) = preSolution
		HideSolutionNode = FALSE
	EndGlobalSection
	GlobalSection(NestedProjects) = preSolution
		{726D96E2-D639-4255-B750-441D9A9EAB6A} = {A7D56AA9-3BF4-40A5-B31A-5CC786541499}
		{80039E6A-EA91-4FD8-A1DB-A262A59D6D26} = {A7D56AA9-3BF4-40A5-B31A-5CC786541499}
	EndGlobalSection
EndGlobal
